
Microsoft Visual Studio Solution File, Format Version 12.00
# Visual Studio Version 16
VisualStudioVersion = 16.0.30523.141
MinimumVisualStudioVersion = 10.0.40219.1
Project("{FAE04EC0-301F-11D3-BF4B-00C04F79EFBC}") = "[2022][ExMAP]NegreaMadalinaFlorina[15]", "[2022][ExMAP]NegreaMadalinaFlorina[15].csproj", "{F6D1830D-2DB6-4181-985B-5F4F36AC1511}"
EndProject
Global
	GlobalSection(SolutionConfigurationPlatforms) = preSolution
		Debug|Any CPU = Debug|Any CPU
		Release|Any CPU = Release|Any CPU
	EndGlobalSection
	GlobalSection(ProjectConfigurationPlatforms) = postSolution
		{F6D1830D-2DB6-4181-985B-5F4F36AC1511}.Debug|Any CPU.ActiveCfg = Debug|Any CPU
		{F6D1830D-2DB6-4181-985B-5F4F36AC1511}.Debug|Any CPU.Build.0 = Debug|Any CPU
		{F6D1830D-2DB6-4181-985B-5F4F36AC1511}.Release|Any CPU.ActiveCfg = Release|Any CPU
		{F6D1830D-2DB6-4181-985B-5F4F36AC1511}.Release|Any CPU.Build.0 = Release|Any CPU
	EndGlobalSection
	GlobalSection(SolutionProperties) = preSolution
		HideSolutionNode = FALSE
	EndGlobalSection
	GlobalSection(ExtensibilityGlobals) = postSolution
		SolutionGuid = {A49DC85D-B678-44BF-9E80-F4DC09D24C73}
	EndGlobalSection
EndGlobal
