
Microsoft Visual Studio Solution File, Format Version 12.00
# Visual Studio Version 16
VisualStudioVersion = 16.0.30523.141
MinimumVisualStudioVersion = 10.0.40219.1
Project("{FAE04EC0-301F-11D3-BF4B-00C04F79EFBC}") = "[2022][ExMAP]NegreaMadalinaFlorina[4]", "[2022][ExMAP]NegreaMadalinaFlorina[4].csproj", "{1D022A70-FBEA-433B-80E0-69A29DEE5398}"
EndProject
Global
	GlobalSection(SolutionConfigurationPlatforms) = preSolution
		Debug|Any CPU = Debug|Any CPU
		Release|Any CPU = Release|Any CPU
	EndGlobalSection
	GlobalSection(ProjectConfigurationPlatforms) = postSolution
		{1D022A70-FBEA-433B-80E0-69A29DEE5398}.Debug|Any CPU.ActiveCfg = Debug|Any CPU
		{1D022A70-FBEA-433B-80E0-69A29DEE5398}.Debug|Any CPU.Build.0 = Debug|Any CPU
		{1D022A70-FBEA-433B-80E0-69A29DEE5398}.Release|Any CPU.ActiveCfg = Release|Any CPU
		{1D022A70-FBEA-433B-80E0-69A29DEE5398}.Release|Any CPU.Build.0 = Release|Any CPU
	EndGlobalSection
	GlobalSection(SolutionProperties) = preSolution
		HideSolutionNode = FALSE
	EndGlobalSection
	GlobalSection(ExtensibilityGlobals) = postSolution
		SolutionGuid = {37F74AD1-76E7-4C55-AB2C-CD678119647B}
	EndGlobalSection
EndGlobal
